
Microsoft Visual Studio Solution File, Format Version 12.00
# Visual Studio Version 16
VisualStudioVersion = 16.0.30011.22
MinimumVisualStudioVersion = 10.0.40219.1
Project("{FAE04EC0-301F-11D3-BF4B-00C04F79EFBC}") = "RSSWPF", "RSSWPF\RSSWPF.csproj", "{5655AABA-2D8D-44A0-B9DA-ED20880BE64E}"
EndProject
Global
	GlobalSection(SolutionConfigurationPlatforms) = preSolution
		Debug|Any CPU = Debug|Any CPU
		Release|Any CPU = Release|Any CPU
	EndGlobalSection
	GlobalSection(ProjectConfigurationPlatforms) = postSolution
		{5655AABA-2D8D-44A0-B9DA-ED20880BE64E}.Debug|Any CPU.ActiveCfg = Debug|Any CPU
		{5655AABA-2D8D-44A0-B9DA-ED20880BE64E}.Debug|Any CPU.Build.0 = Debug|Any CPU
		{5655AABA-2D8D-44A0-B9DA-ED20880BE64E}.Release|Any CPU.ActiveCfg = Release|Any CPU
		{5655AABA-2D8D-44A0-B9DA-ED20880BE64E}.Release|Any CPU.Build.0 = Release|Any CPU
	EndGlobalSection
	GlobalSection(SolutionProperties) = preSolution
		HideSolutionNode = FALSE
	EndGlobalSection
	GlobalSection(ExtensibilityGlobals) = postSolution
		SolutionGuid = {A3119480-CDCD-4CE1-8137-1D28DA82D0BE}
	EndGlobalSection
EndGlobal
